
Microsoft Visual Studio Solution File, Format Version 12.00
# Visual Studio Version 17
VisualStudioVersion = 17.5.33424.131
MinimumVisualStudioVersion = 10.0.40219.1
Project("{FAE04EC0-301F-11D3-BF4B-00C04F79EFBC}") = "SkiaSharpIssue.Android", "SkiaSharpIssue.Android\SkiaSharpIssue.Android.csproj", "{8A2BBF03-FD61-4D8D-B5F7-84136FFEB757}"
EndProject
Project("{FAE04EC0-301F-11D3-BF4B-00C04F79EFBC}") = "SkiaSharpIssue", "SkiaSharpIssue\SkiaSharpIssue.csproj", "{503A5FD1-9CCD-4350-B2BC-0AA06025435C}"
EndProject
Global
	GlobalSection(SolutionConfigurationPlatforms) = preSolution
		Debug|Any CPU = Debug|Any CPU
		Release|Any CPU = Release|Any CPU
	EndGlobalSection
	GlobalSection(ProjectConfigurationPlatforms) = postSolution
		{8A2BBF03-FD61-4D8D-B5F7-84136FFEB757}.Debug|Any CPU.ActiveCfg = Debug|Any CPU
		{8A2BBF03-FD61-4D8D-B5F7-84136FFEB757}.Debug|Any CPU.Build.0 = Debug|Any CPU
		{8A2BBF03-FD61-4D8D-B5F7-84136FFEB757}.Debug|Any CPU.Deploy.0 = Debug|Any CPU
		{8A2BBF03-FD61-4D8D-B5F7-84136FFEB757}.Release|Any CPU.ActiveCfg = Release|Any CPU
		{8A2BBF03-FD61-4D8D-B5F7-84136FFEB757}.Release|Any CPU.Build.0 = Release|Any CPU
		{8A2BBF03-FD61-4D8D-B5F7-84136FFEB757}.Release|Any CPU.Deploy.0 = Release|Any CPU
		{503A5FD1-9CCD-4350-B2BC-0AA06025435C}.Debug|Any CPU.ActiveCfg = Debug|Any CPU
		{503A5FD1-9CCD-4350-B2BC-0AA06025435C}.Debug|Any CPU.Build.0 = Debug|Any CPU
		{503A5FD1-9CCD-4350-B2BC-0AA06025435C}.Debug|Any CPU.Deploy.0 = Debug|Any CPU
		{503A5FD1-9CCD-4350-B2BC-0AA06025435C}.Release|Any CPU.ActiveCfg = Release|Any CPU
		{503A5FD1-9CCD-4350-B2BC-0AA06025435C}.Release|Any CPU.Build.0 = Release|Any CPU
		{503A5FD1-9CCD-4350-B2BC-0AA06025435C}.Release|Any CPU.Deploy.0 = Release|Any CPU
	EndGlobalSection
	GlobalSection(SolutionProperties) = preSolution
		HideSolutionNode = FALSE
	EndGlobalSection
	GlobalSection(ExtensibilityGlobals) = postSolution
		SolutionGuid = {8CC7E1AD-7CDF-4D8C-B663-9D7ACDDC0020}
	EndGlobalSection
EndGlobal
